// !$*UTF8*$!
{
	archiveVersion = 1;
	classes = {
	};
	objectVersion = 51;
	objects = {

/* Begin PBXBuildFile section */
		376A01714386A1F95488E340 /* libPods-Talabat.a in Frameworks */ = {isa = PBXBuildFile; fileRef = 104CFBC63351998F2B29D192 /* libPods-Talabat.a */; };
		6A77A9AD2422C0A0009554C8 /* Entities.swift in Sources */ = {isa = PBXBuildFile; fileRef = 6A77A9AC2422C09F009554C8 /* Entities.swift */; };
		6A8B99E824211057005A17AD /* AppDelegate.swift in Sources */ = {isa = PBXBuildFile; fileRef = 6A8B99E724211057005A17AD /* AppDelegate.swift */; };
		6A8B99EA24211057005A17AD /* SceneDelegate.swift in Sources */ = {isa = PBXBuildFile; fileRef = 6A8B99E924211057005A17AD /* SceneDelegate.swift */; };
		6A8B99EF24211057005A17AD /* Main.storyboard in Resources */ = {isa = PBXBuildFile; fileRef = 6A8B99ED24211057005A17AD /* Main.storyboard */; };
		6A8B99F12421107C005A17AD /* Assets.xcassets in Resources */ = {isa = PBXBuildFile; fileRef = 6A8B99F02421107C005A17AD /* Assets.xcassets */; };
		6A8B99F42421107C005A17AD /* LaunchScreen.storyboard in Resources */ = {isa = PBXBuildFile; fileRef = 6A8B99F22421107C005A17AD /* LaunchScreen.storyboard */; };
		6AA2E8BC242224E9009470A1 /* Podfile in Resources */ = {isa = PBXBuildFile; fileRef = 6AA2E8BB242224E9009470A1 /* Podfile */; };
		ED6F4A69242511AB00BA14E6 /* UIView+Spinner.swift in Sources */ = {isa = PBXBuildFile; fileRef = ED6F4A68242511AB00BA14E6 /* UIView+Spinner.swift */; };
		EDCCDE392529DA3000D0C48B /* APIClient.swift in Sources */ = {isa = PBXBuildFile; fileRef = EDCCDE362529D9C600D0C48B /* APIClient.swift */; };
		EDCCDE3A2529DA3100D0C48B /* APIRouter.swift in Sources */ = {isa = PBXBuildFile; fileRef = EDCCDE372529D9ED00D0C48B /* APIRouter.swift */; };
		EDCCDE3B2529DA3100D0C48B /* Constants.swift in Sources */ = {isa = PBXBuildFile; fileRef = EDCCDE382529DA2F00D0C48B /* Constants.swift */; };
		EDCCDE3E252A598700D0C48B /* LoginVC.swift in Sources */ = {isa = PBXBuildFile; fileRef = EDCCDE3D252A598700D0C48B /* LoginVC.swift */; };
		EDCCDE40252A5AF600D0C48B /* MapVC.swift in Sources */ = {isa = PBXBuildFile; fileRef = EDCCDE3F252A5AF600D0C48B /* MapVC.swift */; };
		EDCCDE42252A5D9F00D0C48B /* OrderDetailsVC.swift in Sources */ = {isa = PBXBuildFile; fileRef = EDCCDE41252A5D9F00D0C48B /* OrderDetailsVC.swift */; };
		EDCCDE44252A60D000D0C48B /* RestaurantVC.swift in Sources */ = {isa = PBXBuildFile; fileRef = EDCCDE43252A60D000D0C48B /* RestaurantVC.swift */; };
		EDCCDE47252A621400D0C48B /* CustomOrderDetailsCell.swift in Sources */ = {isa = PBXBuildFile; fileRef = EDCCDE46252A621400D0C48B /* CustomOrderDetailsCell.swift */; };
		EDCCDE49252A627C00D0C48B /* CustomNavVC.swift in Sources */ = {isa = PBXBuildFile; fileRef = EDCCDE48252A627C00D0C48B /* CustomNavVC.swift */; };
		EDCCDE4E252A670900D0C48B /* RestaurantCollectionViewCell.swift in Sources */ = {isa = PBXBuildFile; fileRef = EDCCDE4D252A670900D0C48B /* RestaurantCollectionViewCell.swift */; };
		EDCCDE51252A683A00D0C48B /* CustomMarkerView.swift in Sources */ = {isa = PBXBuildFile; fileRef = EDCCDE50252A683A00D0C48B /* CustomMarkerView.swift */; };
		EDCCDE53252A692D00D0C48B /* JSONStringArrayEncoder.swift in Sources */ = {isa = PBXBuildFile; fileRef = EDCCDE52252A692D00D0C48B /* JSONStringArrayEncoder.swift */; };
		EDCCDE55252A6DFB00D0C48B /* String+AdditionFeature.swift in Sources */ = {isa = PBXBuildFile; fileRef = EDCCDE54252A6DFB00D0C48B /* String+AdditionFeature.swift */; };
		EDCCDE57252A6E8800D0C48B /* UIImage+ResizeContent.swift in Sources */ = {isa = PBXBuildFile; fileRef = EDCCDE56252A6E8800D0C48B /* UIImage+ResizeContent.swift */; };
		EDE29997252A7B14004D69A5 /* Extensions.swift in Sources */ = {isa = PBXBuildFile; fileRef = EDE29996252A7B14004D69A5 /* Extensions.swift */; };
		EDE29999252F437A004D69A5 /* NetworkHelper.swift in Sources */ = {isa = PBXBuildFile; fileRef = EDE29998252F4379004D69A5 /* NetworkHelper.swift */; };
		EDE2999B252FC094004D69A5 /* MapHelper.swift in Sources */ = {isa = PBXBuildFile; fileRef = EDE2999A252FC094004D69A5 /* MapHelper.swift */; };
		EDE2999D253105CC004D69A5 /* User_M.swift in Sources */ = {isa = PBXBuildFile; fileRef = EDE2999C253105CC004D69A5 /* User_M.swift */; };
		EDE2999F253105F9004D69A5 /* Restaurant_M.swift in Sources */ = {isa = PBXBuildFile; fileRef = EDE2999E253105F8004D69A5 /* Restaurant_M.swift */; };
		EDE299A12531061B004D69A5 /* RestaurantOrders_M.swift in Sources */ = {isa = PBXBuildFile; fileRef = EDE299A02531061A004D69A5 /* RestaurantOrders_M.swift */; };
/* End PBXBuildFile section */

/* Begin PBXFileReference section */
		104CFBC63351998F2B29D192 /* libPods-Talabat.a */ = {isa = PBXFileReference; explicitFileType = archive.ar; includeInIndex = 0; path = "libPods-Talabat.a"; sourceTree = BUILT_PRODUCTS_DIR; };
		27B0B7EC3FF3C704FA780B9C /* Pods-Talabat.release.xcconfig */ = {isa = PBXFileReference; includeInIndex = 1; lastKnownFileType = text.xcconfig; name = "Pods-Talabat.release.xcconfig"; path = "Target Support Files/Pods-Talabat/Pods-Talabat.release.xcconfig"; sourceTree = "<group>"; };
		6A77A9AC2422C09F009554C8 /* Entities.swift */ = {isa = PBXFileReference; lastKnownFileType = sourcecode.swift; path = Entities.swift; sourceTree = "<group>"; };
		6A8B99E424211057005A17AD /* Talabat.app */ = {isa = PBXFileReference; explicitFileType = wrapper.application; includeInIndex = 0; path = Talabat.app; sourceTree = BUILT_PRODUCTS_DIR; };
		6A8B99E724211057005A17AD /* AppDelegate.swift */ = {isa = PBXFileReference; lastKnownFileType = sourcecode.swift; path = AppDelegate.swift; sourceTree = "<group>"; };
		6A8B99E924211057005A17AD /* SceneDelegate.swift */ = {isa = PBXFileReference; lastKnownFileType = sourcecode.swift; path = SceneDelegate.swift; sourceTree = "<group>"; };
		6A8B99EE24211057005A17AD /* Base */ = {isa = PBXFileReference; lastKnownFileType = file.storyboard; name = Base; path = Base.lproj/Main.storyboard; sourceTree = "<group>"; };
		6A8B99F02421107C005A17AD /* Assets.xcassets */ = {isa = PBXFileReference; lastKnownFileType = folder.assetcatalog; path = Assets.xcassets; sourceTree = "<group>"; };
		6A8B99F32421107C005A17AD /* Base */ = {isa = PBXFileReference; lastKnownFileType = file.storyboard; name = Base; path = Base.lproj/LaunchScreen.storyboard; sourceTree = "<group>"; };
		6A8B99F52421107C005A17AD /* Info.plist */ = {isa = PBXFileReference; lastKnownFileType = text.plist.xml; path = Info.plist; sourceTree = "<group>"; };
		6AA2E8BB242224E9009470A1 /* Podfile */ = {isa = PBXFileReference; lastKnownFileType = text; path = Podfile; sourceTree = "<group>"; xcLanguageSpecificationIdentifier = xcode.lang.ruby; };
		ED6F4A68242511AB00BA14E6 /* UIView+Spinner.swift */ = {isa = PBXFileReference; lastKnownFileType = sourcecode.swift; path = "UIView+Spinner.swift"; sourceTree = "<group>"; };
		EDCCDE362529D9C600D0C48B /* APIClient.swift */ = {isa = PBXFileReference; fileEncoding = 4; lastKnownFileType = sourcecode.swift; path = APIClient.swift; sourceTree = "<group>"; };
		EDCCDE372529D9ED00D0C48B /* APIRouter.swift */ = {isa = PBXFileReference; fileEncoding = 4; lastKnownFileType = sourcecode.swift; path = APIRouter.swift; sourceTree = "<group>"; };
		EDCCDE382529DA2F00D0C48B /* Constants.swift */ = {isa = PBXFileReference; fileEncoding = 4; lastKnownFileType = sourcecode.swift; path = Constants.swift; sourceTree = "<group>"; };
		EDCCDE3D252A598700D0C48B /* LoginVC.swift */ = {isa = PBXFileReference; lastKnownFileType = sourcecode.swift; path = LoginVC.swift; sourceTree = "<group>"; };
		EDCCDE3F252A5AF600D0C48B /* MapVC.swift */ = {isa = PBXFileReference; lastKnownFileType = sourcecode.swift; path = MapVC.swift; sourceTree = "<group>"; };
		EDCCDE41252A5D9F00D0C48B /* OrderDetailsVC.swift */ = {isa = PBXFileReference; lastKnownFileType = sourcecode.swift; path = OrderDetailsVC.swift; sourceTree = "<group>"; };
		EDCCDE43252A60D000D0C48B /* RestaurantVC.swift */ = {isa = PBXFileReference; lastKnownFileType = sourcecode.swift; path = RestaurantVC.swift; sourceTree = "<group>"; };
		EDCCDE46252A621400D0C48B /* CustomOrderDetailsCell.swift */ = {isa = PBXFileReference; lastKnownFileType = sourcecode.swift; path = CustomOrderDetailsCell.swift; sourceTree = "<group>"; };
		EDCCDE48252A627C00D0C48B /* CustomNavVC.swift */ = {isa = PBXFileReference; lastKnownFileType = sourcecode.swift; path = CustomNavVC.swift; sourceTree = "<group>"; };
		EDCCDE4D252A670900D0C48B /* RestaurantCollectionViewCell.swift */ = {isa = PBXFileReference; lastKnownFileType = sourcecode.swift; path = RestaurantCollectionViewCell.swift; sourceTree = "<group>"; };
		EDCCDE50252A683A00D0C48B /* CustomMarkerView.swift */ = {isa = PBXFileReference; lastKnownFileType = sourcecode.swift; path = CustomMarkerView.swift; sourceTree = "<group>"; };
		EDCCDE52252A692D00D0C48B /* JSONStringArrayEncoder.swift */ = {isa = PBXFileReference; lastKnownFileType = sourcecode.swift; path = JSONStringArrayEncoder.swift; sourceTree = "<group>"; };
		EDCCDE54252A6DFB00D0C48B /* String+AdditionFeature.swift */ = {isa = PBXFileReference; lastKnownFileType = sourcecode.swift; path = "String+AdditionFeature.swift"; sourceTree = "<group>"; };
		EDCCDE56252A6E8800D0C48B /* UIImage+ResizeContent.swift */ = {isa = PBXFileReference; lastKnownFileType = sourcecode.swift; path = "UIImage+ResizeContent.swift"; sourceTree = "<group>"; };
		EDE29996252A7B14004D69A5 /* Extensions.swift */ = {isa = PBXFileReference; lastKnownFileType = sourcecode.swift; path = Extensions.swift; sourceTree = "<group>"; };
		EDE29998252F4379004D69A5 /* NetworkHelper.swift */ = {isa = PBXFileReference; fileEncoding = 4; lastKnownFileType = sourcecode.swift; path = NetworkHelper.swift; sourceTree = "<group>"; };
		EDE2999A252FC094004D69A5 /* MapHelper.swift */ = {isa = PBXFileReference; lastKnownFileType = sourcecode.swift; path = MapHelper.swift; sourceTree = "<group>"; };
		EDE2999C253105CC004D69A5 /* User_M.swift */ = {isa = PBXFileReference; lastKnownFileType = sourcecode.swift; path = User_M.swift; sourceTree = "<group>"; };
		EDE2999E253105F8004D69A5 /* Restaurant_M.swift */ = {isa = PBXFileReference; lastKnownFileType = sourcecode.swift; path = Restaurant_M.swift; sourceTree = "<group>"; };
		EDE299A02531061A004D69A5 /* RestaurantOrders_M.swift */ = {isa = PBXFileReference; lastKnownFileType = sourcecode.swift; path = RestaurantOrders_M.swift; sourceTree = "<group>"; };
		FFEAC27A8ACDE665B835E151 /* Pods-Talabat.debug.xcconfig */ = {isa = PBXFileReference; includeInIndex = 1; lastKnownFileType = text.xcconfig; name = "Pods-Talabat.debug.xcconfig"; path = "Target Support Files/Pods-Talabat/Pods-Talabat.debug.xcconfig"; sourceTree = "<group>"; };
/* End PBXFileReference section */

/* Begin PBXFrameworksBuildPhase section */
		6A8B99E124211057005A17AD /* Frameworks */ = {
			isa = PBXFrameworksBuildPhase;
			buildActionMask = 2147483647;
			files = (
				376A01714386A1F95488E340 /* libPods-Talabat.a in Frameworks */,
			);
			runOnlyForDeploymentPostprocessing = 0;
		};
/* End PBXFrameworksBuildPhase section */

/* Begin PBXGroup section */
		6A8B99DB24211056005A17AD = {
			isa = PBXGroup;
			children = (
				6AA2E8BB242224E9009470A1 /* Podfile */,
				6A8B99E624211057005A17AD /* Talabat */,
				6A8B99E524211057005A17AD /* Products */,
				C11647E2E3BC0EF82F32FF46 /* Pods */,
				AA100C39B15B6DB8F22BBEB8 /* Frameworks */,
			);
			sourceTree = "<group>";
		};
		6A8B99E524211057005A17AD /* Products */ = {
			isa = PBXGroup;
			children = (
				6A8B99E424211057005A17AD /* Talabat.app */,
			);
			name = Products;
			sourceTree = "<group>";
		};
		6A8B99E624211057005A17AD /* Talabat */ = {
			isa = PBXGroup;
			children = (
				EDCCDE4F252A67CC00D0C48B /* Helper */,
				EDCCDE4C252A667400D0C48B /* Model */,
				EDCCDE4A252A65B200D0C48B /* View */,
				EDCCDE352529D91200D0C48B /* API */,
				EDCCDE342529D80D00D0C48B /* VC */,
				6A8B99E724211057005A17AD /* AppDelegate.swift */,
				6A8B99E924211057005A17AD /* SceneDelegate.swift */,
				6A8B99F52421107C005A17AD /* Info.plist */,
			);
			path = Talabat;
			sourceTree = "<group>";
		};
		AA100C39B15B6DB8F22BBEB8 /* Frameworks */ = {
			isa = PBXGroup;
			children = (
				104CFBC63351998F2B29D192 /* libPods-Talabat.a */,
			);
			name = Frameworks;
			sourceTree = "<group>";
		};
		C11647E2E3BC0EF82F32FF46 /* Pods */ = {
			isa = PBXGroup;
			children = (
				FFEAC27A8ACDE665B835E151 /* Pods-Talabat.debug.xcconfig */,
				27B0B7EC3FF3C704FA780B9C /* Pods-Talabat.release.xcconfig */,
			);
			path = Pods;
			sourceTree = "<group>";
		};
		EDCCDE342529D80D00D0C48B /* VC */ = {
			isa = PBXGroup;
			children = (
				EDCCDE45252A61DE00D0C48B /* Cells */,
				EDCCDE3D252A598700D0C48B /* LoginVC.swift */,
				EDCCDE3F252A5AF600D0C48B /* MapVC.swift */,
				EDCCDE41252A5D9F00D0C48B /* OrderDetailsVC.swift */,
				EDCCDE43252A60D000D0C48B /* RestaurantVC.swift */,
				EDCCDE48252A627C00D0C48B /* CustomNavVC.swift */,
			);
			path = VC;
			sourceTree = "<group>";
		};
		EDCCDE352529D91200D0C48B /* API */ = {
			isa = PBXGroup;
			children = (
				EDCCDE362529D9C600D0C48B /* APIClient.swift */,
				EDCCDE372529D9ED00D0C48B /* APIRouter.swift */,
				EDCCDE382529DA2F00D0C48B /* Constants.swift */,
			);
			path = API;
			sourceTree = "<group>";
		};
		EDCCDE45252A61DE00D0C48B /* Cells */ = {
			isa = PBXGroup;
			children = (
				EDCCDE46252A621400D0C48B /* CustomOrderDetailsCell.swift */,
				EDCCDE4D252A670900D0C48B /* RestaurantCollectionViewCell.swift */,
			);
			path = Cells;
			sourceTree = "<group>";
		};
		EDCCDE4A252A65B200D0C48B /* View */ = {
			isa = PBXGroup;
			children = (
				EDCCDE4B252A660800D0C48B /* Storyboards */,
				6A8B99F02421107C005A17AD /* Assets.xcassets */,
			);
			path = View;
			sourceTree = "<group>";
		};
		EDCCDE4B252A660800D0C48B /* Storyboards */ = {
			isa = PBXGroup;
			children = (
				6A8B99ED24211057005A17AD /* Main.storyboard */,
				6A8B99F22421107C005A17AD /* LaunchScreen.storyboard */,
			);
			path = Storyboards;
			sourceTree = "<group>";
		};
		EDCCDE4C252A667400D0C48B /* Model */ = {
			isa = PBXGroup;
			children = (
				EDE2999C253105CC004D69A5 /* User_M.swift */,
				EDE2999E253105F8004D69A5 /* Restaurant_M.swift */,
				EDE299A02531061A004D69A5 /* RestaurantOrders_M.swift */,
				6A77A9AC2422C09F009554C8 /* Entities.swift */,
			);
			path = Model;
			sourceTree = "<group>";
		};
		EDCCDE4F252A67CC00D0C48B /* Helper */ = {
			isa = PBXGroup;
			children = (
				ED6F4A68242511AB00BA14E6 /* UIView+Spinner.swift */,
				EDCCDE50252A683A00D0C48B /* CustomMarkerView.swift */,
				EDCCDE52252A692D00D0C48B /* JSONStringArrayEncoder.swift */,
				EDCCDE54252A6DFB00D0C48B /* String+AdditionFeature.swift */,
				EDE29998252F4379004D69A5 /* NetworkHelper.swift */,
				EDCCDE56252A6E8800D0C48B /* UIImage+ResizeContent.swift */,
				EDE29996252A7B14004D69A5 /* Extensions.swift */,
				EDE2999A252FC094004D69A5 /* MapHelper.swift */,
			);
			path = Helper;
			sourceTree = "<group>";
		};
/* End PBXGroup section */

/* Begin PBXNativeTarget section */
		6A8B99E324211057005A17AD /* Talabat */ = {
			isa = PBXNativeTarget;
			buildConfigurationList = 6A8B99F82421107C005A17AD /* Build configuration list for PBXNativeTarget "Talabat" */;
			buildPhases = (
				FCF3C40989674A233B531D5D /* [CP] Check Pods Manifest.lock */,
				6A8B99E024211057005A17AD /* Sources */,
				6A8B99E124211057005A17AD /* Frameworks */,
				6A8B99E224211057005A17AD /* Resources */,
				CA0D4C041A8D9B5BCD0770F6 /* [CP] Copy Pods Resources */,
			);
			buildRules = (
			);
			dependencies = (
			);
			name = Talabat;
			productName = Talabat;
			productReference = 6A8B99E424211057005A17AD /* Talabat.app */;
			productType = "com.apple.product-type.application";
		};
/* End PBXNativeTarget section */

/* Begin PBXProject section */
		6A8B99DC24211056005A17AD /* Project object */ = {
			isa = PBXProject;
			attributes = {
				LastSwiftUpdateCheck = 1120;
				LastUpgradeCheck = 1120;
				ORGANIZATIONNAME = 68lion;
				TargetAttributes = {
					6A8B99E324211057005A17AD = {
						CreatedOnToolsVersion = 11.2.1;
					};
				};
			};
			buildConfigurationList = 6A8B99DF24211056005A17AD /* Build configuration list for PBXProject "Talabat" */;
			compatibilityVersion = "Xcode 9.3";
			developmentRegion = en;
			hasScannedForEncodings = 0;
			knownRegions = (
				en,
				Base,
			);
			mainGroup = 6A8B99DB24211056005A17AD;
			productRefGroup = 6A8B99E524211057005A17AD /* Products */;
			projectDirPath = "";
			projectRoot = "";
			targets = (
				6A8B99E324211057005A17AD /* Talabat */,
			);
		};
/* End PBXProject section */

/* Begin PBXResourcesBuildPhase section */
		6A8B99E224211057005A17AD /* Resources */ = {
			isa = PBXResourcesBuildPhase;
			buildActionMask = 2147483647;
			files = (
				6A8B99F42421107C005A17AD /* LaunchScreen.storyboard in Resources */,
				6A8B99F12421107C005A17AD /* Assets.xcassets in Resources */,
				6AA2E8BC242224E9009470A1 /* Podfile in Resources */,
				6A8B99EF24211057005A17AD /* Main.storyboard in Resources */,
			);
			runOnlyForDeploymentPostprocessing = 0;
		};
/* End PBXResourcesBuildPhase section */

/* Begin PBXShellScriptBuildPhase section */
		CA0D4C041A8D9B5BCD0770F6 /* [CP] Copy Pods Resources */ = {
			isa = PBXShellScriptBuildPhase;
			buildActionMask = 2147483647;
			files = (
			);
			inputFileListPaths = (
				"${PODS_ROOT}/Target Support Files/Pods-Talabat/Pods-Talabat-resources-${CONFIGURATION}-input-files.xcfilelist",
			);
			name = "[CP] Copy Pods Resources";
			outputFileListPaths = (
				"${PODS_ROOT}/Target Support Files/Pods-Talabat/Pods-Talabat-resources-${CONFIGURATION}-output-files.xcfilelist",
			);
			runOnlyForDeploymentPostprocessing = 0;
			shellPath = /bin/sh;
			shellScript = "\"${PODS_ROOT}/Target Support Files/Pods-Talabat/Pods-Talabat-resources.sh\"\n";
			showEnvVarsInLog = 0;
		};
		FCF3C40989674A233B531D5D /* [CP] Check Pods Manifest.lock */ = {
			isa = PBXShellScriptBuildPhase;
			buildActionMask = 2147483647;
			files = (
			);
			inputFileListPaths = (
			);
			inputPaths = (
				"${PODS_PODFILE_DIR_PATH}/Podfile.lock",
				"${PODS_ROOT}/Manifest.lock",
			);
			name = "[CP] Check Pods Manifest.lock";
			outputFileListPaths = (
			);
			outputPaths = (
				"$(DERIVED_FILE_DIR)/Pods-Talabat-checkManifestLockResult.txt",
			);
			runOnlyForDeploymentPostprocessing = 0;
			shellPath = /bin/sh;
			shellScript = "diff \"${PODS_PODFILE_DIR_PATH}/Podfile.lock\" \"${PODS_ROOT}/Manifest.lock\" > /dev/null\nif [ $? != 0 ] ; then\n    # print error to STDERR\n    echo \"error: The sandbox is not in sync with the Podfile.lock. Run 'pod install' or update your CocoaPods installation.\" >&2\n    exit 1\nfi\n# This output is used by Xcode 'outputs' to avoid re-running this script phase.\necho \"SUCCESS\" > \"${SCRIPT_OUTPUT_FILE_0}\"\n";
			showEnvVarsInLog = 0;
		};
/* End PBXShellScriptBuildPhase section */

/* Begin PBXSourcesBuildPhase section */
		6A8B99E024211057005A17AD /* Sources */ = {
			isa = PBXSourcesBuildPhase;
			buildActionMask = 2147483647;
			files = (
				ED6F4A69242511AB00BA14E6 /* UIView+Spinner.swift in Sources */,
				EDCCDE55252A6DFB00D0C48B /* String+AdditionFeature.swift in Sources */,
				EDCCDE3A2529DA3100D0C48B /* APIRouter.swift in Sources */,
				EDCCDE3E252A598700D0C48B /* LoginVC.swift in Sources */,
				EDCCDE42252A5D9F00D0C48B /* OrderDetailsVC.swift in Sources */,
				6A77A9AD2422C0A0009554C8 /* Entities.swift in Sources */,
				EDCCDE51252A683A00D0C48B /* CustomMarkerView.swift in Sources */,
				EDE29997252A7B14004D69A5 /* Extensions.swift in Sources */,
				EDE2999D253105CC004D69A5 /* User_M.swift in Sources */,
				EDCCDE57252A6E8800D0C48B /* UIImage+ResizeContent.swift in Sources */,
				6A8B99E824211057005A17AD /* AppDelegate.swift in Sources */,
				EDCCDE53252A692D00D0C48B /* JSONStringArrayEncoder.swift in Sources */,
				6A8B99EA24211057005A17AD /* SceneDelegate.swift in Sources */,
				EDE2999F253105F9004D69A5 /* Restaurant_M.swift in Sources */,
				EDE29999252F437A004D69A5 /* NetworkHelper.swift in Sources */,
				EDE299A12531061B004D69A5 /* RestaurantOrders_M.swift in Sources */,
				EDCCDE49252A627C00D0C48B /* CustomNavVC.swift in Sources */,
				EDCCDE44252A60D000D0C48B /* RestaurantVC.swift in Sources */,
				EDCCDE392529DA3000D0C48B /* APIClient.swift in Sources */,
				EDCCDE3B2529DA3100D0C48B /* Constants.swift in Sources */,
				EDCCDE47252A621400D0C48B /* CustomOrderDetailsCell.swift in Sources */,
				EDCCDE40252A5AF600D0C48B /* MapVC.swift in Sources */,
				EDCCDE4E252A670900D0C48B /* RestaurantCollectionViewCell.swift in Sources */,
				EDE2999B252FC094004D69A5 /* MapHelper.swift in Sources */,
			);
			runOnlyForDeploymentPostprocessing = 0;
		};
/* End PBXSourcesBuildPhase section */

/* Begin PBXVariantGroup section */
		6A8B99ED24211057005A17AD /* Main.storyboard */ = {
			isa = PBXVariantGroup;
			children = (
				6A8B99EE24211057005A17AD /* Base */,
			);
			name = Main.storyboard;
			sourceTree = "<group>";
		};
		6A8B99F22421107C005A17AD /* LaunchScreen.storyboard */ = {
			isa = PBXVariantGroup;
			children = (
				6A8B99F32421107C005A17AD /* Base */,
			);
			name = LaunchScreen.storyboard;
			sourceTree = "<group>";
		};
/* End PBXVariantGroup section */

/* Begin XCBuildConfiguration section */
		6A8B99F62421107C005A17AD /* Debug */ = {
			isa = XCBuildConfiguration;
			buildSettings = {
				ALWAYS_SEARCH_USER_PATHS = NO;
				CLANG_ANALYZER_NONNULL = YES;
				CLANG_ANALYZER_NUMBER_OBJECT_CONVERSION = YES_AGGRESSIVE;
				CLANG_CXX_LANGUAGE_STANDARD = "gnu++14";
				CLANG_CXX_LIBRARY = "libc++";
				CLANG_ENABLE_MODULES = YES;
				CLANG_ENABLE_OBJC_ARC = YES;
				CLANG_ENABLE_OBJC_WEAK = YES;
				CLANG_WARN_BLOCK_CAPTURE_AUTORELEASING = YES;
				CLANG_WARN_BOOL_CONVERSION = YES;
				CLANG_WARN_COMMA = YES;
				CLANG_WARN_CONSTANT_CONVERSION = YES;
				CLANG_WARN_DEPRECATED_OBJC_IMPLEMENTATIONS = YES;
				CLANG_WARN_DIRECT_OBJC_ISA_USAGE = YES_ERROR;
				CLANG_WARN_DOCUMENTATION_COMMENTS = YES;
				CLANG_WARN_EMPTY_BODY = YES;
				CLANG_WARN_ENUM_CONVERSION = YES;
				CLANG_WARN_INFINITE_RECURSION = YES;
				CLANG_WARN_INT_CONVERSION = YES;
				CLANG_WARN_NON_LITERAL_NULL_CONVERSION = YES;
				CLANG_WARN_OBJC_IMPLICIT_RETAIN_SELF = YES;
				CLANG_WARN_OBJC_LITERAL_CONVERSION = YES;
				CLANG_WARN_OBJC_ROOT_CLASS = YES_ERROR;
				CLANG_WARN_RANGE_LOOP_ANALYSIS = YES;
				CLANG_WARN_STRICT_PROTOTYPES = YES;
				CLANG_WARN_SUSPICIOUS_MOVE = YES;
				CLANG_WARN_UNGUARDED_AVAILABILITY = YES_AGGRESSIVE;
				CLANG_WARN_UNREACHABLE_CODE = YES;
				CLANG_WARN__DUPLICATE_METHOD_MATCH = YES;
				COPY_PHASE_STRIP = NO;
				DEBUG_INFORMATION_FORMAT = dwarf;
				ENABLE_STRICT_OBJC_MSGSEND = YES;
				ENABLE_TESTABILITY = YES;
				GCC_C_LANGUAGE_STANDARD = gnu11;
				GCC_DYNAMIC_NO_PIC = NO;
				GCC_NO_COMMON_BLOCKS = YES;
				GCC_OPTIMIZATION_LEVEL = 0;
				GCC_PREPROCESSOR_DEFINITIONS = (
					"DEBUG=1",
					"$(inherited)",
				);
				GCC_WARN_64_TO_32_BIT_CONVERSION = YES;
				GCC_WARN_ABOUT_RETURN_TYPE = YES_ERROR;
				GCC_WARN_UNDECLARED_SELECTOR = YES;
				GCC_WARN_UNINITIALIZED_AUTOS = YES_AGGRESSIVE;
				GCC_WARN_UNUSED_FUNCTION = YES;
				GCC_WARN_UNUSED_VARIABLE = YES;
				IPHONEOS_DEPLOYMENT_TARGET = 13.2;
				MTL_ENABLE_DEBUG_INFO = INCLUDE_SOURCE;
				MTL_FAST_MATH = YES;
				ONLY_ACTIVE_ARCH = YES;
				SDKROOT = iphoneos;
				SWIFT_ACTIVE_COMPILATION_CONDITIONS = DEBUG;
				SWIFT_OPTIMIZATION_LEVEL = "-Onone";
			};
			name = Debug;
		};
		6A8B99F72421107C005A17AD /* Release */ = {
			isa = XCBuildConfiguration;
			buildSettings = {
				ALWAYS_SEARCH_USER_PATHS = NO;
				CLANG_ANALYZER_NONNULL = YES;
				CLANG_ANALYZER_NUMBER_OBJECT_CONVERSION = YES_AGGRESSIVE;
				CLANG_CXX_LANGUAGE_STANDARD = "gnu++14";
				CLANG_CXX_LIBRARY = "libc++";
				CLANG_ENABLE_MODULES = YES;
				CLANG_ENABLE_OBJC_ARC = YES;
				CLANG_ENABLE_OBJC_WEAK = YES;
				CLANG_WARN_BLOCK_CAPTURE_AUTORELEASING = YES;
				CLANG_WARN_BOOL_CONVERSION = YES;
				CLANG_WARN_COMMA = YES;
				CLANG_WARN_CONSTANT_CONVERSION = YES;
				CLANG_WARN_DEPRECATED_OBJC_IMPLEMENTATIONS = YES;
				CLANG_WARN_DIRECT_OBJC_ISA_USAGE = YES_ERROR;
				CLANG_WARN_DOCUMENTATION_COMMENTS = YES;
				CLANG_WARN_EMPTY_BODY = YES;
				CLANG_WARN_ENUM_CONVERSION = YES;
				CLANG_WARN_INFINITE_RECURSION = YES;
				CLANG_WARN_INT_CONVERSION = YES;
				CLANG_WARN_NON_LITERAL_NULL_CONVERSION = YES;
				CLANG_WARN_OBJC_IMPLICIT_RETAIN_SELF = YES;
				CLANG_WARN_OBJC_LITERAL_CONVERSION = YES;
				CLANG_WARN_OBJC_ROOT_CLASS = YES_ERROR;
				CLANG_WARN_RANGE_LOOP_ANALYSIS = YES;
				CLANG_WARN_STRICT_PROTOTYPES = YES;
				CLANG_WARN_SUSPICIOUS_MOVE = YES;
				CLANG_WARN_UNGUARDED_AVAILABILITY = YES_AGGRESSIVE;
				CLANG_WARN_UNREACHABLE_CODE = YES;
				CLANG_WARN__DUPLICATE_METHOD_MATCH = YES;
				COPY_PHASE_STRIP = NO;
				DEBUG_INFORMATION_FORMAT = "dwarf-with-dsym";
				ENABLE_NS_ASSERTIONS = NO;
				ENABLE_STRICT_OBJC_MSGSEND = YES;
				GCC_C_LANGUAGE_STANDARD = gnu11;
				GCC_NO_COMMON_BLOCKS = YES;
				GCC_WARN_64_TO_32_BIT_CONVERSION = YES;
				GCC_WARN_ABOUT_RETURN_TYPE = YES_ERROR;
				GCC_WARN_UNDECLARED_SELECTOR = YES;
				GCC_WARN_UNINITIALIZED_AUTOS = YES_AGGRESSIVE;
				GCC_WARN_UNUSED_FUNCTION = YES;
				GCC_WARN_UNUSED_VARIABLE = YES;
				IPHONEOS_DEPLOYMENT_TARGET = 13.2;
				MTL_ENABLE_DEBUG_INFO = NO;
				MTL_FAST_MATH = YES;
				SDKROOT = iphoneos;
				SWIFT_COMPILATION_MODE = wholemodule;
				SWIFT_OPTIMIZATION_LEVEL = "-O";
				VALIDATE_PRODUCT = YES;
			};
			name = Release;
		};
		6A8B99F92421107C005A17AD /* Debug */ = {
			isa = XCBuildConfiguration;
			baseConfigurationReference = FFEAC27A8ACDE665B835E151 /* Pods-Talabat.debug.xcconfig */;
			buildSettings = {
				ASSETCATALOG_COMPILER_APPICON_NAME = AppIcon;
				CODE_SIGN_STYLE = Automatic;
				DEVELOPMENT_TEAM = BL8VD5DUD8;
				INFOPLIST_FILE = Talabat/Info.plist;
				LD_RUNPATH_SEARCH_PATHS = (
					"$(inherited)",
					"@executable_path/Frameworks",
				);
				PRODUCT_BUNDLE_IDENTIFIER = com.example.Talabat;
				PRODUCT_NAME = "$(TARGET_NAME)";
				SWIFT_VERSION = 5.0;
				TARGETED_DEVICE_FAMILY = "1,2";
			};
			name = Debug;
		};
		6A8B99FA2421107C005A17AD /* Release */ = {
			isa = XCBuildConfiguration;
			baseConfigurationReference = 27B0B7EC3FF3C704FA780B9C /* Pods-Talabat.release.xcconfig */;
			buildSettings = {
				ASSETCATALOG_COMPILER_APPICON_NAME = AppIcon;
				CODE_SIGN_STYLE = Automatic;
				DEVELOPMENT_TEAM = BL8VD5DUD8;
				INFOPLIST_FILE = Talabat/Info.plist;
				LD_RUNPATH_SEARCH_PATHS = (
					"$(inherited)",
					"@executable_path/Frameworks",
				);
				PRODUCT_BUNDLE_IDENTIFIER = com.example.Talabat;
				PRODUCT_NAME = "$(TARGET_NAME)";
				SWIFT_VERSION = 5.0;
				TARGETED_DEVICE_FAMILY = "1,2";
			};
			name = Release;
		};
/* End XCBuildConfiguration section */

/* Begin XCConfigurationList section */
		6A8B99DF24211056005A17AD /* Build configuration list for PBXProject "Talabat" */ = {
			isa = XCConfigurationList;
			buildConfigurations = (
				6A8B99F62421107C005A17AD /* Debug */,
				6A8B99F72421107C005A17AD /* Release */,
			);
			defaultConfigurationIsVisible = 0;
			defaultConfigurationName = Release;
		};
		6A8B99F82421107C005A17AD /* Build configuration list for PBXNativeTarget "Talabat" */ = {
			isa = XCConfigurationList;
			buildConfigurations = (
				6A8B99F92421107C005A17AD /* Debug */,
				6A8B99FA2421107C005A17AD /* Release */,
			);
			defaultConfigurationIsVisible = 0;
			defaultConfigurationName = Release;
		};
/* End XCConfigurationList section */
	};
	rootObject = 6A8B99DC24211056005A17AD /* Project object */;
}
